// !$*UTF8*$!
{
	archiveVersion = 1;
	classes = {
	};
	objectVersion = 46;
	objects = {

/* Begin PBXBuildFile section */
		3AF9D3EC61627AC49459A7C8 /* Pods_Appointment.framework in Frameworks */ = {isa = PBXBuildFile; fileRef = 4F7DDB6517E6875BACB739A7 /* Pods_Appointment.framework */; };
		D823262C1EAEEEB5008B7615 /* AppDelegate.swift in Sources */ = {isa = PBXBuildFile; fileRef = D823262B1EAEEEB5008B7615 /* AppDelegate.swift */; };
		D823262E1EAEEEB5008B7615 /* ViewController.swift in Sources */ = {isa = PBXBuildFile; fileRef = D823262D1EAEEEB5008B7615 /* ViewController.swift */; };
		D82326311EAEEEB5008B7615 /* Main.storyboard in Resources */ = {isa = PBXBuildFile; fileRef = D823262F1EAEEEB5008B7615 /* Main.storyboard */; };
		D82326331EAEEEB5008B7615 /* Assets.xcassets in Resources */ = {isa = PBXBuildFile; fileRef = D82326321EAEEEB5008B7615 /* Assets.xcassets */; };
		D82326361EAEEEB5008B7615 /* LaunchScreen.storyboard in Resources */ = {isa = PBXBuildFile; fileRef = D82326341EAEEEB5008B7615 /* LaunchScreen.storyboard */; };
		D823263E1EAEEF09008B7615 /* LoginViewController.swift in Sources */ = {isa = PBXBuildFile; fileRef = D823263D1EAEEF08008B7615 /* LoginViewController.swift */; };
		D82326401EAEEF2D008B7615 /* MapViewController.swift in Sources */ = {isa = PBXBuildFile; fileRef = D823263F1EAEEF2D008B7615 /* MapViewController.swift */; };
		D82326441EAF116E008B7615 /* MapKit.framework in Frameworks */ = {isa = PBXBuildFile; fileRef = D82326431EAF116E008B7615 /* MapKit.framework */; };
		D8335F591EAF3E710042D1DF /* AppointmentViewController.swift in Sources */ = {isa = PBXBuildFile; fileRef = D8335F581EAF3E710042D1DF /* AppointmentViewController.swift */; };
		D83EA9401EDD0384003B004B /* RequestViewController.swift in Sources */ = {isa = PBXBuildFile; fileRef = D83EA93F1EDD0384003B004B /* RequestViewController.swift */; };
		D852A3041ECBE3EA00E36A02 /* FavoriteTableViewCell.swift in Sources */ = {isa = PBXBuildFile; fileRef = D852A3031ECBE3EA00E36A02 /* FavoriteTableViewCell.swift */; };
		D8576D7B1EC161F900F784B5 /* SlideViewController.swift in Sources */ = {isa = PBXBuildFile; fileRef = D8576D7A1EC161F900F784B5 /* SlideViewController.swift */; };
		D87150EE1EC5471300A3F05F /* PostData.swift in Sources */ = {isa = PBXBuildFile; fileRef = D87150ED1EC5471300A3F05F /* PostData.swift */; };
		D8730EA11EC2CDE100D11386 /* AddFavoriteViewController.swift in Sources */ = {isa = PBXBuildFile; fileRef = D8730EA01EC2CDE100D11386 /* AddFavoriteViewController.swift */; };
		D88C63501EB845A40041967C /* RightMenuViewController.swift in Sources */ = {isa = PBXBuildFile; fileRef = D88C634F1EB845A40041967C /* RightMenuViewController.swift */; };
		D88C63521EB864410041967C /* HowToViewController.swift in Sources */ = {isa = PBXBuildFile; fileRef = D88C63511EB864400041967C /* HowToViewController.swift */; };
		D88C63541EB866850041967C /* ProfileSettingViewController.swift in Sources */ = {isa = PBXBuildFile; fileRef = D88C63531EB866850041967C /* ProfileSettingViewController.swift */; };
		D88C63561EB866F80041967C /* FavoriteViewController.swift in Sources */ = {isa = PBXBuildFile; fileRef = D88C63551EB866F80041967C /* FavoriteViewController.swift */; };
		D89ADCCF1ED2BB5600B29045 /* GoogleService-Info.plist in Resources */ = {isa = PBXBuildFile; fileRef = D89ADCCE1ED2BB5600B29045 /* GoogleService-Info.plist */; };
		D8F8FDA61EDEA0490099AF53 /* RequestTableViewCell.swift in Sources */ = {isa = PBXBuildFile; fileRef = D8F8FDA51EDEA0490099AF53 /* RequestTableViewCell.swift */; };
/* End PBXBuildFile section */

/* Begin PBXFileReference section */
		4F7DDB6517E6875BACB739A7 /* Pods_Appointment.framework */ = {isa = PBXFileReference; explicitFileType = wrapper.framework; includeInIndex = 0; path = Pods_Appointment.framework; sourceTree = BUILT_PRODUCTS_DIR; };
		C7B89CCA13A1376C8D4EAA12 /* Pods-Appointment.release.xcconfig */ = {isa = PBXFileReference; includeInIndex = 1; lastKnownFileType = text.xcconfig; name = "Pods-Appointment.release.xcconfig"; path = "Pods/Target Support Files/Pods-Appointment/Pods-Appointment.release.xcconfig"; sourceTree = "<group>"; };
		D82326281EAEEEB5008B7615 /* Appointment.app */ = {isa = PBXFileReference; explicitFileType = wrapper.application; includeInIndex = 0; path = Appointment.app; sourceTree = BUILT_PRODUCTS_DIR; };
		D823262B1EAEEEB5008B7615 /* AppDelegate.swift */ = {isa = PBXFileReference; lastKnownFileType = sourcecode.swift; path = AppDelegate.swift; sourceTree = "<group>"; };
		D823262D1EAEEEB5008B7615 /* ViewController.swift */ = {isa = PBXFileReference; lastKnownFileType = sourcecode.swift; path = ViewController.swift; sourceTree = "<group>"; };
		D82326301EAEEEB5008B7615 /* Base */ = {isa = PBXFileReference; lastKnownFileType = file.storyboard; name = Base; path = Base.lproj/Main.storyboard; sourceTree = "<group>"; };
		D82326321EAEEEB5008B7615 /* Assets.xcassets */ = {isa = PBXFileReference; lastKnownFileType = folder.assetcatalog; path = Assets.xcassets; sourceTree = "<group>"; };
		D82326351EAEEEB5008B7615 /* Base */ = {isa = PBXFileReference; lastKnownFileType = file.storyboard; name = Base; path = Base.lproj/LaunchScreen.storyboard; sourceTree = "<group>"; };
		D82326371EAEEEB5008B7615 /* Info.plist */ = {isa = PBXFileReference; lastKnownFileType = text.plist.xml; path = Info.plist; sourceTree = "<group>"; };
		D823263D1EAEEF08008B7615 /* LoginViewController.swift */ = {isa = PBXFileReference; fileEncoding = 4; lastKnownFileType = sourcecode.swift; path = LoginViewController.swift; sourceTree = "<group>"; };
		D823263F1EAEEF2D008B7615 /* MapViewController.swift */ = {isa = PBXFileReference; fileEncoding = 4; lastKnownFileType = sourcecode.swift; path = MapViewController.swift; sourceTree = "<group>"; };
		D82326431EAF116E008B7615 /* MapKit.framework */ = {isa = PBXFileReference; lastKnownFileType = wrapper.framework; name = MapKit.framework; path = System/Library/Frameworks/MapKit.framework; sourceTree = SDKROOT; };
		D8335F581EAF3E710042D1DF /* AppointmentViewController.swift */ = {isa = PBXFileReference; fileEncoding = 4; lastKnownFileType = sourcecode.swift; path = AppointmentViewController.swift; sourceTree = "<group>"; };
		D83EA93F1EDD0384003B004B /* RequestViewController.swift */ = {isa = PBXFileReference; fileEncoding = 4; lastKnownFileType = sourcecode.swift; path = RequestViewController.swift; sourceTree = "<group>"; };
		D852A3031ECBE3EA00E36A02 /* FavoriteTableViewCell.swift */ = {isa = PBXFileReference; fileEncoding = 4; lastKnownFileType = sourcecode.swift; path = FavoriteTableViewCell.swift; sourceTree = "<group>"; };
		D8576D7A1EC161F900F784B5 /* SlideViewController.swift */ = {isa = PBXFileReference; fileEncoding = 4; lastKnownFileType = sourcecode.swift; path = SlideViewController.swift; sourceTree = "<group>"; };
		D87150ED1EC5471300A3F05F /* PostData.swift */ = {isa = PBXFileReference; fileEncoding = 4; lastKnownFileType = sourcecode.swift; path = PostData.swift; sourceTree = "<group>"; };
		D8730EA01EC2CDE100D11386 /* AddFavoriteViewController.swift */ = {isa = PBXFileReference; fileEncoding = 4; lastKnownFileType = sourcecode.swift; path = AddFavoriteViewController.swift; sourceTree = "<group>"; };
		D88C634F1EB845A40041967C /* RightMenuViewController.swift */ = {isa = PBXFileReference; fileEncoding = 4; lastKnownFileType = sourcecode.swift; path = RightMenuViewController.swift; sourceTree = "<group>"; };
		D88C63511EB864400041967C /* HowToViewController.swift */ = {isa = PBXFileReference; fileEncoding = 4; lastKnownFileType = sourcecode.swift; path = HowToViewController.swift; sourceTree = "<group>"; };
		D88C63531EB866850041967C /* ProfileSettingViewController.swift */ = {isa = PBXFileReference; fileEncoding = 4; lastKnownFileType = sourcecode.swift; path = ProfileSettingViewController.swift; sourceTree = "<group>"; };
		D88C63551EB866F80041967C /* FavoriteViewController.swift */ = {isa = PBXFileReference; fileEncoding = 4; lastKnownFileType = sourcecode.swift; path = FavoriteViewController.swift; sourceTree = "<group>"; };
		D89ADCAC1ED2A7B600B29045 /* Appointment.entitlements */ = {isa = PBXFileReference; lastKnownFileType = text.plist.entitlements; path = Appointment.entitlements; sourceTree = "<group>"; };
		D89ADCCE1ED2BB5600B29045 /* GoogleService-Info.plist */ = {isa = PBXFileReference; fileEncoding = 4; lastKnownFileType = text.plist.xml; path = "GoogleService-Info.plist"; sourceTree = "<group>"; };
		D8F8FDA51EDEA0490099AF53 /* RequestTableViewCell.swift */ = {isa = PBXFileReference; fileEncoding = 4; lastKnownFileType = sourcecode.swift; path = RequestTableViewCell.swift; sourceTree = "<group>"; };
		ECBA5123164E547483840353 /* Pods-Appointment.debug.xcconfig */ = {isa = PBXFileReference; includeInIndex = 1; lastKnownFileType = text.xcconfig; name = "Pods-Appointment.debug.xcconfig"; path = "Pods/Target Support Files/Pods-Appointment/Pods-Appointment.debug.xcconfig"; sourceTree = "<group>"; };
/* End PBXFileReference section */

/* Begin PBXFrameworksBuildPhase section */
		D82326251EAEEEB5008B7615 /* Frameworks */ = {
			isa = PBXFrameworksBuildPhase;
			buildActionMask = 2147483647;
			files = (
				D82326441EAF116E008B7615 /* MapKit.framework in Frameworks */,
				3AF9D3EC61627AC49459A7C8 /* Pods_Appointment.framework in Frameworks */,
			);
			runOnlyForDeploymentPostprocessing = 0;
		};
/* End PBXFrameworksBuildPhase section */

/* Begin PBXGroup section */
		2BDC6251AD875233445B3B47 /* Pods */ = {
			isa = PBXGroup;
			children = (
				ECBA5123164E547483840353 /* Pods-Appointment.debug.xcconfig */,
				C7B89CCA13A1376C8D4EAA12 /* Pods-Appointment.release.xcconfig */,
			);
			name = Pods;
			sourceTree = "<group>";
		};
		CCCD0E212A8BB9C0D89285F3 /* Frameworks */ = {
			isa = PBXGroup;
			children = (
				D82326431EAF116E008B7615 /* MapKit.framework */,
				4F7DDB6517E6875BACB739A7 /* Pods_Appointment.framework */,
			);
			name = Frameworks;
			sourceTree = "<group>";
		};
		D823261F1EAEEEB5008B7615 = {
			isa = PBXGroup;
			children = (
				D823262A1EAEEEB5008B7615 /* Appointment */,
				D82326291EAEEEB5008B7615 /* Products */,
				2BDC6251AD875233445B3B47 /* Pods */,
				CCCD0E212A8BB9C0D89285F3 /* Frameworks */,
			);
			sourceTree = "<group>";
		};
		D82326291EAEEEB5008B7615 /* Products */ = {
			isa = PBXGroup;
			children = (
				D82326281EAEEEB5008B7615 /* Appointment.app */,
			);
			name = Products;
			sourceTree = "<group>";
		};
		D823262A1EAEEEB5008B7615 /* Appointment */ = {
			isa = PBXGroup;
			children = (
				D89ADCAC1ED2A7B600B29045 /* Appointment.entitlements */,
				D823262B1EAEEEB5008B7615 /* AppDelegate.swift */,
				D823262D1EAEEEB5008B7615 /* ViewController.swift */,
				D823262F1EAEEEB5008B7615 /* Main.storyboard */,
				D823263D1EAEEF08008B7615 /* LoginViewController.swift */,
				D8576D7A1EC161F900F784B5 /* SlideViewController.swift */,
				D88C634F1EB845A40041967C /* RightMenuViewController.swift */,
				D823263F1EAEEF2D008B7615 /* MapViewController.swift */,
				D8335F581EAF3E710042D1DF /* AppointmentViewController.swift */,
				D83EA93F1EDD0384003B004B /* RequestViewController.swift */,
				D8F8FDA51EDEA0490099AF53 /* RequestTableViewCell.swift */,
				D88C63551EB866F80041967C /* FavoriteViewController.swift */,
				D852A3031ECBE3EA00E36A02 /* FavoriteTableViewCell.swift */,
				D87150ED1EC5471300A3F05F /* PostData.swift */,
				D8730EA01EC2CDE100D11386 /* AddFavoriteViewController.swift */,
				D88C63511EB864400041967C /* HowToViewController.swift */,
				D88C63531EB866850041967C /* ProfileSettingViewController.swift */,
				D82326321EAEEEB5008B7615 /* Assets.xcassets */,
				D82326341EAEEEB5008B7615 /* LaunchScreen.storyboard */,
				D82326371EAEEEB5008B7615 /* Info.plist */,
				D89ADCCE1ED2BB5600B29045 /* GoogleService-Info.plist */,
			);
			path = Appointment;
			sourceTree = "<group>";
		};
/* End PBXGroup section */

/* Begin PBXNativeTarget section */
		D82326271EAEEEB5008B7615 /* Appointment */ = {
			isa = PBXNativeTarget;
			buildConfigurationList = D823263A1EAEEEB5008B7615 /* Build configuration list for PBXNativeTarget "Appointment" */;
			buildPhases = (
				3C024022A5A1AE215143250F /* [CP] Check Pods Manifest.lock */,
				D82326241EAEEEB5008B7615 /* Sources */,
				D82326251EAEEEB5008B7615 /* Frameworks */,
				D82326261EAEEEB5008B7615 /* Resources */,
				873A13A7811B50C8310508C2 /* [CP] Embed Pods Frameworks */,
				8276ED1D11E16335F9F5EE94 /* [CP] Copy Pods Resources */,
			);
			buildRules = (
			);
			dependencies = (
			);
			name = Appointment;
			productName = Appointment;
			productReference = D82326281EAEEEB5008B7615 /* Appointment.app */;
			productType = "com.apple.product-type.application";
		};
/* End PBXNativeTarget section */

/* Begin PBXProject section */
		D82326201EAEEEB5008B7615 /* Project object */ = {
			isa = PBXProject;
			attributes = {
				LastSwiftUpdateCheck = 0830;
				LastUpgradeCheck = 0830;
				ORGANIZATIONNAME = Yuta.Iwashina;
				TargetAttributes = {
					D82326271EAEEEB5008B7615 = {
						CreatedOnToolsVersion = 8.3.2;
						DevelopmentTeam = UZJ6XV93CM;
						ProvisioningStyle = Automatic;
						SystemCapabilities = {
							com.apple.BackgroundModes = {
								enabled = 1;
							};
							com.apple.Push = {
								enabled = 1;
							};
						};
					};
				};
			};
			buildConfigurationList = D82326231EAEEEB5008B7615 /* Build configuration list for PBXProject "Appointment" */;
			compatibilityVersion = "Xcode 3.2";
			developmentRegion = English;
			hasScannedForEncodings = 0;
			knownRegions = (
				en,
				Base,
			);
			mainGroup = D823261F1EAEEEB5008B7615;
			productRefGroup = D82326291EAEEEB5008B7615 /* Products */;
			projectDirPath = "";
			projectRoot = "";
			targets = (
				D82326271EAEEEB5008B7615 /* Appointment */,
			);
		};
/* End PBXProject section */

/* Begin PBXResourcesBuildPhase section */
		D82326261EAEEEB5008B7615 /* Resources */ = {
			isa = PBXResourcesBuildPhase;
			buildActionMask = 2147483647;
			files = (
				D82326361EAEEEB5008B7615 /* LaunchScreen.storyboard in Resources */,
				D89ADCCF1ED2BB5600B29045 /* GoogleService-Info.plist in Resources */,
				D82326331EAEEEB5008B7615 /* Assets.xcassets in Resources */,
				D82326311EAEEEB5008B7615 /* Main.storyboard in Resources */,
			);
			runOnlyForDeploymentPostprocessing = 0;
		};
/* End PBXResourcesBuildPhase section */

/* Begin PBXShellScriptBuildPhase section */
		3C024022A5A1AE215143250F /* [CP] Check Pods Manifest.lock */ = {
			isa = PBXShellScriptBuildPhase;
			buildActionMask = 2147483647;
			files = (
			);
			inputPaths = (
			);
			name = "[CP] Check Pods Manifest.lock";
			outputPaths = (
			);
			runOnlyForDeploymentPostprocessing = 0;
			shellPath = /bin/sh;
			shellScript = "diff \"${PODS_ROOT}/../Podfile.lock\" \"${PODS_ROOT}/Manifest.lock\" > /dev/null\nif [ $? != 0 ] ; then\n    # print error to STDERR\n    echo \"error: The sandbox is not in sync with the Podfile.lock. Run 'pod install' or update your CocoaPods installation.\" >&2\n    exit 1\nfi\n";
			showEnvVarsInLog = 0;
		};
		8276ED1D11E16335F9F5EE94 /* [CP] Copy Pods Resources */ = {
			isa = PBXShellScriptBuildPhase;
			buildActionMask = 2147483647;
			files = (
			);
			inputPaths = (
			);
			name = "[CP] Copy Pods Resources";
			outputPaths = (
			);
			runOnlyForDeploymentPostprocessing = 0;
			shellPath = /bin/sh;
			shellScript = "\"${SRCROOT}/Pods/Target Support Files/Pods-Appointment/Pods-Appointment-resources.sh\"\n";
			showEnvVarsInLog = 0;
		};
		873A13A7811B50C8310508C2 /* [CP] Embed Pods Frameworks */ = {
			isa = PBXShellScriptBuildPhase;
			buildActionMask = 2147483647;
			files = (
			);
			inputPaths = (
			);
			name = "[CP] Embed Pods Frameworks";
			outputPaths = (
			);
			runOnlyForDeploymentPostprocessing = 0;
			shellPath = /bin/sh;
			shellScript = "\"${SRCROOT}/Pods/Target Support Files/Pods-Appointment/Pods-Appointment-frameworks.sh\"\n";
			showEnvVarsInLog = 0;
		};
/* End PBXShellScriptBuildPhase section */

/* Begin PBXSourcesBuildPhase section */
		D82326241EAEEEB5008B7615 /* Sources */ = {
			isa = PBXSourcesBuildPhase;
			buildActionMask = 2147483647;
			files = (
				D823263E1EAEEF09008B7615 /* LoginViewController.swift in Sources */,
				D823262E1EAEEEB5008B7615 /* ViewController.swift in Sources */,
				D83EA9401EDD0384003B004B /* RequestViewController.swift in Sources */,
				D823262C1EAEEEB5008B7615 /* AppDelegate.swift in Sources */,
				D87150EE1EC5471300A3F05F /* PostData.swift in Sources */,
				D8335F591EAF3E710042D1DF /* AppointmentViewController.swift in Sources */,
				D88C63561EB866F80041967C /* FavoriteViewController.swift in Sources */,
				D8730EA11EC2CDE100D11386 /* AddFavoriteViewController.swift in Sources */,
				D852A3041ECBE3EA00E36A02 /* FavoriteTableViewCell.swift in Sources */,
				D88C63521EB864410041967C /* HowToViewController.swift in Sources */,
				D8576D7B1EC161F900F784B5 /* SlideViewController.swift in Sources */,
				D8F8FDA61EDEA0490099AF53 /* RequestTableViewCell.swift in Sources */,
				D88C63501EB845A40041967C /* RightMenuViewController.swift in Sources */,
				D82326401EAEEF2D008B7615 /* MapViewController.swift in Sources */,
				D88C63541EB866850041967C /* ProfileSettingViewController.swift in Sources */,
			);
			runOnlyForDeploymentPostprocessing = 0;
		};
/* End PBXSourcesBuildPhase section */

/* Begin PBXVariantGroup section */
		D823262F1EAEEEB5008B7615 /* Main.storyboard */ = {
			isa = PBXVariantGroup;
			children = (
				D82326301EAEEEB5008B7615 /* Base */,
			);
			name = Main.storyboard;
			sourceTree = "<group>";
		};
		D82326341EAEEEB5008B7615 /* LaunchScreen.storyboard */ = {
			isa = PBXVariantGroup;
			children = (
				D82326351EAEEEB5008B7615 /* Base */,
			);
			name = LaunchScreen.storyboard;
			sourceTree = "<group>";
		};
/* End PBXVariantGroup section */

/* Begin XCBuildConfiguration section */
		D82326381EAEEEB5008B7615 /* Debug */ = {
			isa = XCBuildConfiguration;
			buildSettings = {
				ALWAYS_SEARCH_USER_PATHS = NO;
				CLANG_ANALYZER_NONNULL = YES;
				CLANG_ANALYZER_NUMBER_OBJECT_CONVERSION = YES_AGGRESSIVE;
				CLANG_CXX_LANGUAGE_STANDARD = "gnu++0x";
				CLANG_CXX_LIBRARY = "libc++";
				CLANG_ENABLE_MODULES = YES;
				CLANG_ENABLE_OBJC_ARC = YES;
				CLANG_WARN_BOOL_CONVERSION = YES;
				CLANG_WARN_CONSTANT_CONVERSION = YES;
				CLANG_WARN_DIRECT_OBJC_ISA_USAGE = YES_ERROR;
				CLANG_WARN_DOCUMENTATION_COMMENTS = YES;
				CLANG_WARN_EMPTY_BODY = YES;
				CLANG_WARN_ENUM_CONVERSION = YES;
				CLANG_WARN_INFINITE_RECURSION = YES;
				CLANG_WARN_INT_CONVERSION = YES;
				CLANG_WARN_OBJC_ROOT_CLASS = YES_ERROR;
				CLANG_WARN_SUSPICIOUS_MOVE = YES;
				CLANG_WARN_UNREACHABLE_CODE = YES;
				CLANG_WARN__DUPLICATE_METHOD_MATCH = YES;
				"CODE_SIGN_IDENTITY[sdk=iphoneos*]" = "iPhone Developer";
				COPY_PHASE_STRIP = NO;
				DEBUG_INFORMATION_FORMAT = dwarf;
				ENABLE_STRICT_OBJC_MSGSEND = YES;
				ENABLE_TESTABILITY = YES;
				GCC_C_LANGUAGE_STANDARD = gnu99;
				GCC_DYNAMIC_NO_PIC = NO;
				GCC_NO_COMMON_BLOCKS = YES;
				GCC_OPTIMIZATION_LEVEL = 0;
				GCC_PREPROCESSOR_DEFINITIONS = (
					"DEBUG=1",
					"$(inherited)",
				);
				GCC_WARN_64_TO_32_BIT_CONVERSION = YES;
				GCC_WARN_ABOUT_RETURN_TYPE = YES_ERROR;
				GCC_WARN_UNDECLARED_SELECTOR = YES;
				GCC_WARN_UNINITIALIZED_AUTOS = YES_AGGRESSIVE;
				GCC_WARN_UNUSED_FUNCTION = YES;
				GCC_WARN_UNUSED_VARIABLE = YES;
				IPHONEOS_DEPLOYMENT_TARGET = 10.3;
				MTL_ENABLE_DEBUG_INFO = YES;
				ONLY_ACTIVE_ARCH = YES;
				SDKROOT = iphoneos;
				SWIFT_ACTIVE_COMPILATION_CONDITIONS = DEBUG;
				SWIFT_OPTIMIZATION_LEVEL = "-Onone";
			};
			name = Debug;
		};
		D82326391EAEEEB5008B7615 /* Release */ = {
			isa = XCBuildConfiguration;
			buildSettings = {
				ALWAYS_SEARCH_USER_PATHS = NO;
				CLANG_ANALYZER_NONNULL = YES;
				CLANG_ANALYZER_NUMBER_OBJECT_CONVERSION = YES_AGGRESSIVE;
				CLANG_CXX_LANGUAGE_STANDARD = "gnu++0x";
				CLANG_CXX_LIBRARY = "libc++";
				CLANG_ENABLE_MODULES = YES;
				CLANG_ENABLE_OBJC_ARC = YES;
				CLANG_WARN_BOOL_CONVERSION = YES;
				CLANG_WARN_CONSTANT_CONVERSION = YES;
				CLANG_WARN_DIRECT_OBJC_ISA_USAGE = YES_ERROR;
				CLANG_WARN_DOCUMENTATION_COMMENTS = YES;
				CLANG_WARN_EMPTY_BODY = YES;
				CLANG_WARN_ENUM_CONVERSION = YES;
				CLANG_WARN_INFINITE_RECURSION = YES;
				CLANG_WARN_INT_CONVERSION = YES;
				CLANG_WARN_OBJC_ROOT_CLASS = YES_ERROR;
				CLANG_WARN_SUSPICIOUS_MOVE = YES;
				CLANG_WARN_UNREACHABLE_CODE = YES;
				CLANG_WARN__DUPLICATE_METHOD_MATCH = YES;
				"CODE_SIGN_IDENTITY[sdk=iphoneos*]" = "iPhone Developer";
				COPY_PHASE_STRIP = NO;
				DEBUG_INFORMATION_FORMAT = "dwarf-with-dsym";
				ENABLE_NS_ASSERTIONS = NO;
				ENABLE_STRICT_OBJC_MSGSEND = YES;
				GCC_C_LANGUAGE_STANDARD = gnu99;
				GCC_NO_COMMON_BLOCKS = YES;
				GCC_WARN_64_TO_32_BIT_CONVERSION = YES;
				GCC_WARN_ABOUT_RETURN_TYPE = YES_ERROR;
				GCC_WARN_UNDECLARED_SELECTOR = YES;
				GCC_WARN_UNINITIALIZED_AUTOS = YES_AGGRESSIVE;
				GCC_WARN_UNUSED_FUNCTION = YES;
				GCC_WARN_UNUSED_VARIABLE = YES;
				IPHONEOS_DEPLOYMENT_TARGET = 10.3;
				MTL_ENABLE_DEBUG_INFO = NO;
				SDKROOT = iphoneos;
				SWIFT_OPTIMIZATION_LEVEL = "-Owholemodule";
				VALIDATE_PRODUCT = YES;
			};
			name = Release;
		};
		D823263B1EAEEEB5008B7615 /* Debug */ = {
			isa = XCBuildConfiguration;
			baseConfigurationReference = ECBA5123164E547483840353 /* Pods-Appointment.debug.xcconfig */;
			buildSettings = {
				ASSETCATALOG_COMPILER_APPICON_NAME = AppIcon;
				CODE_SIGN_ENTITLEMENTS = Appointment/Appointment.entitlements;
				DEVELOPMENT_TEAM = UZJ6XV93CM;
				INFOPLIST_FILE = Appointment/Info.plist;
				IPHONEOS_DEPLOYMENT_TARGET = 10.3;
				LD_RUNPATH_SEARCH_PATHS = "$(inherited) @executable_path/Frameworks";
				PRODUCT_BUNDLE_IDENTIFIER = jp.washina.Appointment;
				PRODUCT_NAME = "$(TARGET_NAME)";
				SWIFT_VERSION = 3.0;
			};
			name = Debug;
		};
		D823263C1EAEEEB5008B7615 /* Release */ = {
			isa = XCBuildConfiguration;
			baseConfigurationReference = C7B89CCA13A1376C8D4EAA12 /* Pods-Appointment.release.xcconfig */;
			buildSettings = {
				ASSETCATALOG_COMPILER_APPICON_NAME = AppIcon;
				CODE_SIGN_ENTITLEMENTS = Appointment/Appointment.entitlements;
				DEVELOPMENT_TEAM = UZJ6XV93CM;
				INFOPLIST_FILE = Appointment/Info.plist;
				IPHONEOS_DEPLOYMENT_TARGET = 10.3;
				LD_RUNPATH_SEARCH_PATHS = "$(inherited) @executable_path/Frameworks";
				PRODUCT_BUNDLE_IDENTIFIER = jp.washina.Appointment;
				PRODUCT_NAME = "$(TARGET_NAME)";
				SWIFT_VERSION = 3.0;
			};
			name = Release;
		};
/* End XCBuildConfiguration section */

/* Begin XCConfigurationList section */
		D82326231EAEEEB5008B7615 /* Build configuration list for PBXProject "Appointment" */ = {
			isa = XCConfigurationList;
			buildConfigurations = (
				D82326381EAEEEB5008B7615 /* Debug */,
				D82326391EAEEEB5008B7615 /* Release */,
			);
			defaultConfigurationIsVisible = 0;
			defaultConfigurationName = Release;
		};
		D823263A1EAEEEB5008B7615 /* Build configuration list for PBXNativeTarget "Appointment" */ = {
			isa = XCConfigurationList;
			buildConfigurations = (
				D823263B1EAEEEB5008B7615 /* Debug */,
				D823263C1EAEEEB5008B7615 /* Release */,
			);
			defaultConfigurationIsVisible = 0;
			defaultConfigurationName = Release;
		};
/* End XCConfigurationList section */
	};
	rootObject = D82326201EAEEEB5008B7615 /* Project object */;
}
